// !$*UTF8*$!
{
	archiveVersion = 1;
	classes = {
	};
	objectVersion = 77;
	objects = {

/* Begin PBXBuildFile section */
		45023D0E2E23E7B4000A5953 /* twitter-likes Extension.appex in Embed Foundation Extensions */ = {isa = PBXBuildFile; fileRef = 45023D0D2E23E7B4000A5953 /* twitter-likes Extension.appex */; settings = {ATTRIBUTES = (RemoveHeadersOnCopy, ); }; };
		45023D182E23E7B4000A5953 /* twitter-likes Extension.appex in Embed Foundation Extensions */ = {isa = PBXBuildFile; fileRef = 45023D172E23E7B4000A5953 /* twitter-likes Extension.appex */; settings = {ATTRIBUTES = (RemoveHeadersOnCopy, ); }; };
/* End PBXBuildFile section */

/* Begin PBXContainerItemProxy section */
		45023D0F2E23E7B4000A5953 /* PBXContainerItemProxy */ = {
			isa = PBXContainerItemProxy;
			containerPortal = 45023CD32E23E7B2000A5953 /* Project object */;
			proxyType = 1;
			remoteGlobalIDString = 45023D0C2E23E7B4000A5953;
			remoteInfo = "twitter-likes Extension (iOS)";
		};
		45023D192E23E7B4000A5953 /* PBXContainerItemProxy */ = {
			isa = PBXContainerItemProxy;
			containerPortal = 45023CD32E23E7B2000A5953 /* Project object */;
			proxyType = 1;
			remoteGlobalIDString = 45023D162E23E7B4000A5953;
			remoteInfo = "twitter-likes Extension (macOS)";
		};
/* End PBXContainerItemProxy section */

/* Begin PBXCopyFilesBuildPhase section */
		45023D412E23E7B4000A5953 /* Embed Foundation Extensions */ = {
			isa = PBXCopyFilesBuildPhase;
			buildActionMask = 2147483647;
			dstPath = "";
			dstSubfolderSpec = 13;
			files = (
				45023D0E2E23E7B4000A5953 /* twitter-likes Extension.appex in Embed Foundation Extensions */,
			);
			name = "Embed Foundation Extensions";
			runOnlyForDeploymentPostprocessing = 0;
		};
		45023D4B2E23E7B4000A5953 /* Embed Foundation Extensions */ = {
			isa = PBXCopyFilesBuildPhase;
			buildActionMask = 2147483647;
			dstPath = "";
			dstSubfolderSpec = 13;
			files = (
				45023D182E23E7B4000A5953 /* twitter-likes Extension.appex in Embed Foundation Extensions */,
			);
			name = "Embed Foundation Extensions";
			runOnlyForDeploymentPostprocessing = 0;
		};
/* End PBXCopyFilesBuildPhase section */

/* Begin PBXFileReference section */
		45023CEF2E23E7B3000A5953 /* twitter-likes.app */ = {isa = PBXFileReference; explicitFileType = wrapper.application; includeInIndex = 0; path = "twitter-likes.app"; sourceTree = BUILT_PRODUCTS_DIR; };
		45023D012E23E7B3000A5953 /* twitter-likes.app */ = {isa = PBXFileReference; explicitFileType = wrapper.application; includeInIndex = 0; path = "twitter-likes.app"; sourceTree = BUILT_PRODUCTS_DIR; };
		45023D0D2E23E7B4000A5953 /* twitter-likes Extension.appex */ = {isa = PBXFileReference; explicitFileType = "wrapper.app-extension"; includeInIndex = 0; path = "twitter-likes Extension.appex"; sourceTree = BUILT_PRODUCTS_DIR; };
		45023D172E23E7B4000A5953 /* twitter-likes Extension.appex */ = {isa = PBXFileReference; explicitFileType = "wrapper.app-extension"; includeInIndex = 0; path = "twitter-likes Extension.appex"; sourceTree = BUILT_PRODUCTS_DIR; };
/* End PBXFileReference section */

/* Begin PBXFileSystemSynchronizedBuildFileExceptionSet section */
		45023D3C2E23E7B4000A5953 /* Exceptions for "Shared (App)" folder in "twitter-likes (iOS)" target */ = {
			isa = PBXFileSystemSynchronizedBuildFileExceptionSet;
			membershipExceptions = (
				"/Localized: Resources/Main.html",
				Assets.xcassets,
				Resources/Icon.png,
				Resources/Script.js,
				Resources/Style.css,
				ViewController.swift,
			);
			target = 45023CEE2E23E7B3000A5953 /* twitter-likes (iOS) */;
		};
		45023D402E23E7B4000A5953 /* Exceptions for "iOS (Extension)" folder in "twitter-likes Extension (iOS)" target */ = {
			isa = PBXFileSystemSynchronizedBuildFileExceptionSet;
			membershipExceptions = (
				Info.plist,
			);
			target = 45023D0C2E23E7B4000A5953 /* twitter-likes Extension (iOS) */;
		};
		45023D452E23E7B4000A5953 /* Exceptions for "iOS (App)" folder in "twitter-likes (iOS)" target */ = {
			isa = PBXFileSystemSynchronizedBuildFileExceptionSet;
			membershipExceptions = (
				Info.plist,
			);
			target = 45023CEE2E23E7B3000A5953 /* twitter-likes (iOS) */;
		};
		45023D462E23E7B4000A5953 /* Exceptions for "Shared (App)" folder in "twitter-likes (macOS)" target */ = {
			isa = PBXFileSystemSynchronizedBuildFileExceptionSet;
			membershipExceptions = (
				"/Localized: Resources/Main.html",
				Assets.xcassets,
				Resources/Icon.png,
				Resources/Script.js,
				Resources/Style.css,
				ViewController.swift,
			);
			target = 45023D002E23E7B3000A5953 /* twitter-likes (macOS) */;
		};
		45023D4A2E23E7B4000A5953 /* Exceptions for "macOS (Extension)" folder in "twitter-likes Extension (macOS)" target */ = {
			isa = PBXFileSystemSynchronizedBuildFileExceptionSet;
			membershipExceptions = (
				Info.plist,
			);
			target = 45023D162E23E7B4000A5953 /* twitter-likes Extension (macOS) */;
		};
		45023D4F2E23E7B4000A5953 /* Exceptions for "Shared (Extension)" folder in "twitter-likes Extension (iOS)" target */ = {
			isa = PBXFileSystemSynchronizedBuildFileExceptionSet;
			membershipExceptions = (
				Resources/_locales,
				Resources/images,
				SafariWebExtensionHandler.swift,
			);
			target = 45023D0C2E23E7B4000A5953 /* twitter-likes Extension (iOS) */;
		};
		45023D502E23E7B4000A5953 /* Exceptions for "Shared (Extension)" folder in "twitter-likes Extension (macOS)" target */ = {
			isa = PBXFileSystemSynchronizedBuildFileExceptionSet;
			membershipExceptions = (
				Resources/_locales,
				Resources/images,
				SafariWebExtensionHandler.swift,
			);
			target = 45023D162E23E7B4000A5953 /* twitter-likes Extension (macOS) */;
		};
/* End PBXFileSystemSynchronizedBuildFileExceptionSet section */

/* Begin PBXFileSystemSynchronizedRootGroup section */
		45023CD72E23E7B2000A5953 /* Shared (App) */ = {
			isa = PBXFileSystemSynchronizedRootGroup;
			exceptions = (
				45023D3C2E23E7B4000A5953 /* Exceptions for "Shared (App)" folder in "twitter-likes (iOS)" target */,
				45023D462E23E7B4000A5953 /* Exceptions for "Shared (App)" folder in "twitter-likes (macOS)" target */,
			);
			path = "Shared (App)";
			sourceTree = "<group>";
		};
		45023CE02E23E7B3000A5953 /* Shared (Extension) */ = {
			isa = PBXFileSystemSynchronizedRootGroup;
			exceptions = (
				45023D4F2E23E7B4000A5953 /* Exceptions for "Shared (Extension)" folder in "twitter-likes Extension (iOS)" target */,
				45023D502E23E7B4000A5953 /* Exceptions for "Shared (Extension)" folder in "twitter-likes Extension (macOS)" target */,
			);
			explicitFolders = (
				Resources/_locales,
				Resources/images,
			);
			path = "Shared (Extension)";
			sourceTree = "<group>";
		};
		45023CF12E23E7B3000A5953 /* iOS (App) */ = {
			isa = PBXFileSystemSynchronizedRootGroup;
			exceptions = (
				45023D452E23E7B4000A5953 /* Exceptions for "iOS (App)" folder in "twitter-likes (iOS)" target */,
			);
			path = "iOS (App)";
			sourceTree = "<group>";
		};
		45023D022E23E7B3000A5953 /* macOS (App) */ = {
			isa = PBXFileSystemSynchronizedRootGroup;
			path = "macOS (App)";
			sourceTree = "<group>";
		};
		45023D112E23E7B4000A5953 /* iOS (Extension) */ = {
			isa = PBXFileSystemSynchronizedRootGroup;
			exceptions = (
				45023D402E23E7B4000A5953 /* Exceptions for "iOS (Extension)" folder in "twitter-likes Extension (iOS)" target */,
			);
			path = "iOS (Extension)";
			sourceTree = "<group>";
		};
		45023D1B2E23E7B4000A5953 /* macOS (Extension) */ = {
			isa = PBXFileSystemSynchronizedRootGroup;
			exceptions = (
				45023D4A2E23E7B4000A5953 /* Exceptions for "macOS (Extension)" folder in "twitter-likes Extension (macOS)" target */,
			);
			path = "macOS (Extension)";
			sourceTree = "<group>";
		};
/* End PBXFileSystemSynchronizedRootGroup section */

/* Begin PBXFrameworksBuildPhase section */
		45023CEC2E23E7B3000A5953 /* Frameworks */ = {
			isa = PBXFrameworksBuildPhase;
			buildActionMask = 2147483647;
			files = (
			);
			runOnlyForDeploymentPostprocessing = 0;
		};
		45023CFE2E23E7B3000A5953 /* Frameworks */ = {
			isa = PBXFrameworksBuildPhase;
			buildActionMask = 2147483647;
			files = (
			);
			runOnlyForDeploymentPostprocessing = 0;
		};
		45023D0A2E23E7B4000A5953 /* Frameworks */ = {
			isa = PBXFrameworksBuildPhase;
			buildActionMask = 2147483647;
			files = (
			);
			runOnlyForDeploymentPostprocessing = 0;
		};
		45023D142E23E7B4000A5953 /* Frameworks */ = {
			isa = PBXFrameworksBuildPhase;
			buildActionMask = 2147483647;
			files = (
			);
			runOnlyForDeploymentPostprocessing = 0;
		};
/* End PBXFrameworksBuildPhase section */

/* Begin PBXGroup section */
		45023CD22E23E7B2000A5953 = {
			isa = PBXGroup;
			children = (
				45023CD72E23E7B2000A5953 /* Shared (App) */,
				45023CE02E23E7B3000A5953 /* Shared (Extension) */,
				45023CF12E23E7B3000A5953 /* iOS (App) */,
				45023D022E23E7B3000A5953 /* macOS (App) */,
				45023D112E23E7B4000A5953 /* iOS (Extension) */,
				45023D1B2E23E7B4000A5953 /* macOS (Extension) */,
				45023CF02E23E7B3000A5953 /* Products */,
			);
			sourceTree = "<group>";
		};
		45023CF02E23E7B3000A5953 /* Products */ = {
			isa = PBXGroup;
			children = (
				45023CEF2E23E7B3000A5953 /* twitter-likes.app */,
				45023D012E23E7B3000A5953 /* twitter-likes.app */,
				45023D0D2E23E7B4000A5953 /* twitter-likes Extension.appex */,
				45023D172E23E7B4000A5953 /* twitter-likes Extension.appex */,
			);
			name = Products;
			sourceTree = "<group>";
		};
/* End PBXGroup section */

/* Begin PBXNativeTarget section */
		45023CEE2E23E7B3000A5953 /* twitter-likes (iOS) */ = {
			isa = PBXNativeTarget;
			buildConfigurationList = 45023D422E23E7B4000A5953 /* Build configuration list for PBXNativeTarget "twitter-likes (iOS)" */;
			buildPhases = (
				45023CEB2E23E7B3000A5953 /* Sources */,
				45023CEC2E23E7B3000A5953 /* Frameworks */,
				45023CED2E23E7B3000A5953 /* Resources */,
				45023D412E23E7B4000A5953 /* Embed Foundation Extensions */,
			);
			buildRules = (
			);
			dependencies = (
				45023D102E23E7B4000A5953 /* PBXTargetDependency */,
			);
			fileSystemSynchronizedGroups = (
				45023CF12E23E7B3000A5953 /* iOS (App) */,
			);
			name = "twitter-likes (iOS)";
			packageProductDependencies = (
			);
			productName = "twitter-likes (iOS)";
			productReference = 45023CEF2E23E7B3000A5953 /* twitter-likes.app */;
			productType = "com.apple.product-type.application";
		};
		45023D002E23E7B3000A5953 /* twitter-likes (macOS) */ = {
			isa = PBXNativeTarget;
			buildConfigurationList = 45023D4C2E23E7B4000A5953 /* Build configuration list for PBXNativeTarget "twitter-likes (macOS)" */;
			buildPhases = (
				45023CFD2E23E7B3000A5953 /* Sources */,
				45023CFE2E23E7B3000A5953 /* Frameworks */,
				45023CFF2E23E7B3000A5953 /* Resources */,
				45023D4B2E23E7B4000A5953 /* Embed Foundation Extensions */,
			);
			buildRules = (
			);
			dependencies = (
				45023D1A2E23E7B4000A5953 /* PBXTargetDependency */,
			);
			fileSystemSynchronizedGroups = (
				45023D022E23E7B3000A5953 /* macOS (App) */,
			);
			name = "twitter-likes (macOS)";
			packageProductDependencies = (
			);
			productName = "twitter-likes (macOS)";
			productReference = 45023D012E23E7B3000A5953 /* twitter-likes.app */;
			productType = "com.apple.product-type.application";
		};
		45023D0C2E23E7B4000A5953 /* twitter-likes Extension (iOS) */ = {
			isa = PBXNativeTarget;
			buildConfigurationList = 45023D3D2E23E7B4000A5953 /* Build configuration list for PBXNativeTarget "twitter-likes Extension (iOS)" */;
			buildPhases = (
				45023D092E23E7B4000A5953 /* Sources */,
				45023D0A2E23E7B4000A5953 /* Frameworks */,
				45023D0B2E23E7B4000A5953 /* Resources */,
			);
			buildRules = (
			);
			dependencies = (
			);
			fileSystemSynchronizedGroups = (
				45023D112E23E7B4000A5953 /* iOS (Extension) */,
			);
			name = "twitter-likes Extension (iOS)";
			packageProductDependencies = (
			);
			productName = "twitter-likes Extension (iOS)";
			productReference = 45023D0D2E23E7B4000A5953 /* twitter-likes Extension.appex */;
			productType = "com.apple.product-type.app-extension";
		};
		45023D162E23E7B4000A5953 /* twitter-likes Extension (macOS) */ = {
			isa = PBXNativeTarget;
			buildConfigurationList = 45023D472E23E7B4000A5953 /* Build configuration list for PBXNativeTarget "twitter-likes Extension (macOS)" */;
			buildPhases = (
				45023D132E23E7B4000A5953 /* Sources */,
				45023D142E23E7B4000A5953 /* Frameworks */,
				45023D152E23E7B4000A5953 /* Resources */,
			);
			buildRules = (
			);
			dependencies = (
			);
			fileSystemSynchronizedGroups = (
				45023D1B2E23E7B4000A5953 /* macOS (Extension) */,
			);
			name = "twitter-likes Extension (macOS)";
			packageProductDependencies = (
			);
			productName = "twitter-likes Extension (macOS)";
			productReference = 45023D172E23E7B4000A5953 /* twitter-likes Extension.appex */;
			productType = "com.apple.product-type.app-extension";
		};
/* End PBXNativeTarget section */

/* Begin PBXProject section */
		45023CD32E23E7B2000A5953 /* Project object */ = {
			isa = PBXProject;
			attributes = {
				BuildIndependentTargetsInParallel = 1;
				LastSwiftUpdateCheck = 1640;
				LastUpgradeCheck = 1640;
				TargetAttributes = {
					45023CEE2E23E7B3000A5953 = {
						CreatedOnToolsVersion = 16.4;
					};
					45023D002E23E7B3000A5953 = {
						CreatedOnToolsVersion = 16.4;
					};
					45023D0C2E23E7B4000A5953 = {
						CreatedOnToolsVersion = 16.4;
					};
					45023D162E23E7B4000A5953 = {
						CreatedOnToolsVersion = 16.4;
					};
				};
			};
			buildConfigurationList = 45023CD62E23E7B2000A5953 /* Build configuration list for PBXProject "twitter-likes" */;
			developmentRegion = en;
			hasScannedForEncodings = 0;
			knownRegions = (
				en,
				Base,
			);
			mainGroup = 45023CD22E23E7B2000A5953;
			minimizedProjectReferenceProxies = 1;
			preferredProjectObjectVersion = 77;
			productRefGroup = 45023CF02E23E7B3000A5953 /* Products */;
			projectDirPath = "";
			projectRoot = "";
			targets = (
				45023CEE2E23E7B3000A5953 /* twitter-likes (iOS) */,
				45023D002E23E7B3000A5953 /* twitter-likes (macOS) */,
				45023D0C2E23E7B4000A5953 /* twitter-likes Extension (iOS) */,
				45023D162E23E7B4000A5953 /* twitter-likes Extension (macOS) */,
			);
		};
/* End PBXProject section */

/* Begin PBXResourcesBuildPhase section */
		45023CED2E23E7B3000A5953 /* Resources */ = {
			isa = PBXResourcesBuildPhase;
			buildActionMask = 2147483647;
			files = (
			);
			runOnlyForDeploymentPostprocessing = 0;
		};
		45023CFF2E23E7B3000A5953 /* Resources */ = {
			isa = PBXResourcesBuildPhase;
			buildActionMask = 2147483647;
			files = (
			);
			runOnlyForDeploymentPostprocessing = 0;
		};
		45023D0B2E23E7B4000A5953 /* Resources */ = {
			isa = PBXResourcesBuildPhase;
			buildActionMask = 2147483647;
			files = (
			);
			runOnlyForDeploymentPostprocessing = 0;
		};
		45023D152E23E7B4000A5953 /* Resources */ = {
			isa = PBXResourcesBuildPhase;
			buildActionMask = 2147483647;
			files = (
			);
			runOnlyForDeploymentPostprocessing = 0;
		};
/* End PBXResourcesBuildPhase section */

/* Begin PBXSourcesBuildPhase section */
		45023CEB2E23E7B3000A5953 /* Sources */ = {
			isa = PBXSourcesBuildPhase;
			buildActionMask = 2147483647;
			files = (
			);
			runOnlyForDeploymentPostprocessing = 0;
		};
		45023CFD2E23E7B3000A5953 /* Sources */ = {
			isa = PBXSourcesBuildPhase;
			buildActionMask = 2147483647;
			files = (
			);
			runOnlyForDeploymentPostprocessing = 0;
		};
		45023D092E23E7B4000A5953 /* Sources */ = {
			isa = PBXSourcesBuildPhase;
			buildActionMask = 2147483647;
			files = (
			);
			runOnlyForDeploymentPostprocessing = 0;
		};
		45023D132E23E7B4000A5953 /* Sources */ = {
			isa = PBXSourcesBuildPhase;
			buildActionMask = 2147483647;
			files = (
			);
			runOnlyForDeploymentPostprocessing = 0;
		};
/* End PBXSourcesBuildPhase section */

/* Begin PBXTargetDependency section */
		45023D102E23E7B4000A5953 /* PBXTargetDependency */ = {
			isa = PBXTargetDependency;
			target = 45023D0C2E23E7B4000A5953 /* twitter-likes Extension (iOS) */;
			targetProxy = 45023D0F2E23E7B4000A5953 /* PBXContainerItemProxy */;
		};
		45023D1A2E23E7B4000A5953 /* PBXTargetDependency */ = {
			isa = PBXTargetDependency;
			target = 45023D162E23E7B4000A5953 /* twitter-likes Extension (macOS) */;
			targetProxy = 45023D192E23E7B4000A5953 /* PBXContainerItemProxy */;
		};
/* End PBXTargetDependency section */

/* Begin XCBuildConfiguration section */
		45023D3E2E23E7B4000A5953 /* Debug */ = {
			isa = XCBuildConfiguration;
			buildSettings = {
				CODE_SIGN_STYLE = Automatic;
				CURRENT_PROJECT_VERSION = 1;
				GENERATE_INFOPLIST_FILE = YES;
				INFOPLIST_FILE = "iOS (Extension)/Info.plist";
				INFOPLIST_KEY_CFBundleDisplayName = "twitter-likes Extension";
				INFOPLIST_KEY_NSHumanReadableCopyright = "";
				IPHONEOS_DEPLOYMENT_TARGET = 15.0;
				LD_RUNPATH_SEARCH_PATHS = (
					"$(inherited)",
					"@executable_path/Frameworks",
					"@executable_path/../../Frameworks",
				);
				MARKETING_VERSION = 1.0;
				OTHER_LDFLAGS = (
					"-framework",
					SafariServices,
				);
				PRODUCT_BUNDLE_IDENTIFIER = "iunknown.com.twitter-likes.Extension";
				PRODUCT_NAME = "twitter-likes Extension";
				SDKROOT = iphoneos;
				SKIP_INSTALL = YES;
				SWIFT_EMIT_LOC_STRINGS = YES;
				SWIFT_VERSION = 5.0;
				TARGETED_DEVICE_FAMILY = "1,2";
			};
			name = Debug;
		};
		45023D3F2E23E7B4000A5953 /* Release */ = {
			isa = XCBuildConfiguration;
			buildSettings = {
				CODE_SIGN_STYLE = Automatic;
				CURRENT_PROJECT_VERSION = 1;
				GENERATE_INFOPLIST_FILE = YES;
				INFOPLIST_FILE = "iOS (Extension)/Info.plist";
				INFOPLIST_KEY_CFBundleDisplayName = "twitter-likes Extension";
				INFOPLIST_KEY_NSHumanReadableCopyright = "";
				IPHONEOS_DEPLOYMENT_TARGET = 15.0;
				LD_RUNPATH_SEARCH_PATHS = (
					"$(inherited)",
					"@executable_path/Frameworks",
					"@executable_path/../../Frameworks",
				);
				MARKETING_VERSION = 1.0;
				OTHER_LDFLAGS = (
					"-framework",
					SafariServices,
				);
				PRODUCT_BUNDLE_IDENTIFIER = "iunknown.com.twitter-likes.Extension";
				PRODUCT_NAME = "twitter-likes Extension";
				SDKROOT = iphoneos;
				SKIP_INSTALL = YES;
				SWIFT_EMIT_LOC_STRINGS = YES;
				SWIFT_VERSION = 5.0;
				TARGETED_DEVICE_FAMILY = "1,2";
				VALIDATE_PRODUCT = YES;
			};
			name = Release;
		};
		45023D432E23E7B4000A5953 /* Debug */ = {
			isa = XCBuildConfiguration;
			buildSettings = {
				ASSETCATALOG_COMPILER_APPICON_NAME = AppIcon;
				ASSETCATALOG_COMPILER_GLOBAL_ACCENT_COLOR_NAME = AccentColor;
				CODE_SIGN_STYLE = Automatic;
				CURRENT_PROJECT_VERSION = 1;
				GENERATE_INFOPLIST_FILE = YES;
				INFOPLIST_FILE = "iOS (App)/Info.plist";
				INFOPLIST_KEY_CFBundleDisplayName = "twitter-likes";
				INFOPLIST_KEY_UIApplicationSupportsIndirectInputEvents = YES;
				INFOPLIST_KEY_UILaunchStoryboardName = LaunchScreen;
				INFOPLIST_KEY_UIMainStoryboardFile = Main;
				INFOPLIST_KEY_UISupportedInterfaceOrientations = "UIInterfaceOrientationPortrait UIInterfaceOrientationLandscapeLeft UIInterfaceOrientationLandscapeRight";
				INFOPLIST_KEY_UISupportedInterfaceOrientations_iPad = "UIInterfaceOrientationPortrait UIInterfaceOrientationPortraitUpsideDown UIInterfaceOrientationLandscapeLeft UIInterfaceOrientationLandscapeRight";
				IPHONEOS_DEPLOYMENT_TARGET = 15.0;
				LD_RUNPATH_SEARCH_PATHS = (
					"$(inherited)",
					"@executable_path/Frameworks",
				);
				MARKETING_VERSION = 1.0;
				OTHER_LDFLAGS = (
					"-framework",
					SafariServices,
					"-framework",
					WebKit,
				);
				PRODUCT_BUNDLE_IDENTIFIER = "iunknown.com.twitter-likes";
				PRODUCT_NAME = "twitter-likes";
				SDKROOT = iphoneos;
				SWIFT_EMIT_LOC_STRINGS = YES;
				SWIFT_VERSION = 5.0;
				TARGETED_DEVICE_FAMILY = "1,2";
			};
			name = Debug;
		};
		45023D442E23E7B4000A5953 /* Release */ = {
			isa = XCBuildConfiguration;
			buildSettings = {
				ASSETCATALOG_COMPILER_APPICON_NAME = AppIcon;
				ASSETCATALOG_COMPILER_GLOBAL_ACCENT_COLOR_NAME = AccentColor;
				CODE_SIGN_STYLE = Automatic;
				CURRENT_PROJECT_VERSION = 1;
				GENERATE_INFOPLIST_FILE = YES;
				INFOPLIST_FILE = "iOS (App)/Info.plist";
				INFOPLIST_KEY_CFBundleDisplayName = "twitter-likes";
				INFOPLIST_KEY_UIApplicationSupportsIndirectInputEvents = YES;
				INFOPLIST_KEY_UILaunchStoryboardName = LaunchScreen;
				INFOPLIST_KEY_UIMainStoryboardFile = Main;
				INFOPLIST_KEY_UISupportedInterfaceOrientations = "UIInterfaceOrientationPortrait UIInterfaceOrientationLandscapeLeft UIInterfaceOrientationLandscapeRight";
				INFOPLIST_KEY_UISupportedInterfaceOrientations_iPad = "UIInterfaceOrientationPortrait UIInterfaceOrientationPortraitUpsideDown UIInterfaceOrientationLandscapeLeft UIInterfaceOrientationLandscapeRight";
				IPHONEOS_DEPLOYMENT_TARGET = 15.0;
				LD_RUNPATH_SEARCH_PATHS = (
					"$(inherited)",
					"@executable_path/Frameworks",
				);
				MARKETING_VERSION = 1.0;
				OTHER_LDFLAGS = (
					"-framework",
					SafariServices,
					"-framework",
					WebKit,
				);
				PRODUCT_BUNDLE_IDENTIFIER = "iunknown.com.twitter-likes";
				PRODUCT_NAME = "twitter-likes";
				SDKROOT = iphoneos;
				SWIFT_EMIT_LOC_STRINGS = YES;
				SWIFT_VERSION = 5.0;
				TARGETED_DEVICE_FAMILY = "1,2";
				VALIDATE_PRODUCT = YES;
			};
			name = Release;
		};
		45023D482E23E7B4000A5953 /* Debug */ = {
			isa = XCBuildConfiguration;
			buildSettings = {
				CODE_SIGN_ENTITLEMENTS = "macOS (Extension)/twitter-likes.entitlements";
				CODE_SIGN_STYLE = Automatic;
				CURRENT_PROJECT_VERSION = 1;
				ENABLE_HARDENED_RUNTIME = YES;
				GENERATE_INFOPLIST_FILE = YES;
				INFOPLIST_FILE = "macOS (Extension)/Info.plist";
				INFOPLIST_KEY_CFBundleDisplayName = "twitter-likes Extension";
				INFOPLIST_KEY_NSHumanReadableCopyright = "";
				LD_RUNPATH_SEARCH_PATHS = (
					"$(inherited)",
					"@executable_path/../Frameworks",
					"@executable_path/../../../../Frameworks",
				);
				MACOSX_DEPLOYMENT_TARGET = 10.14;
				MARKETING_VERSION = 1.0;
				OTHER_LDFLAGS = (
					"-framework",
					SafariServices,
				);
				PRODUCT_BUNDLE_IDENTIFIER = "iunknown.com.twitter-likes.Extension";
				PRODUCT_NAME = "twitter-likes Extension";
				SDKROOT = macosx;
				SKIP_INSTALL = YES;
				SWIFT_EMIT_LOC_STRINGS = YES;
				SWIFT_VERSION = 5.0;
			};
			name = Debug;
		};
		45023D492E23E7B4000A5953 /* Release */ = {
			isa = XCBuildConfiguration;
			buildSettings = {
				CODE_SIGN_ENTITLEMENTS = "macOS (Extension)/twitter-likes.entitlements";
				CODE_SIGN_STYLE = Automatic;
				CURRENT_PROJECT_VERSION = 1;
				ENABLE_HARDENED_RUNTIME = YES;
				GENERATE_INFOPLIST_FILE = YES;
				INFOPLIST_FILE = "macOS (Extension)/Info.plist";
				INFOPLIST_KEY_CFBundleDisplayName = "twitter-likes Extension";
				INFOPLIST_KEY_NSHumanReadableCopyright = "";
				LD_RUNPATH_SEARCH_PATHS = (
					"$(inherited)",
					"@executable_path/../Frameworks",
					"@executable_path/../../../../Frameworks",
				);
				MACOSX_DEPLOYMENT_TARGET = 10.14;
				MARKETING_VERSION = 1.0;
				OTHER_LDFLAGS = (
					"-framework",
					SafariServices,
				);
				PRODUCT_BUNDLE_IDENTIFIER = "iunknown.com.twitter-likes.Extension";
				PRODUCT_NAME = "twitter-likes Extension";
				SDKROOT = macosx;
				SKIP_INSTALL = YES;
				SWIFT_EMIT_LOC_STRINGS = YES;
				SWIFT_VERSION = 5.0;
			};
			name = Release;
		};
		45023D4D2E23E7B4000A5953 /* Debug */ = {
			isa = XCBuildConfiguration;
			buildSettings = {
				ASSETCATALOG_COMPILER_APPICON_NAME = AppIcon;
				ASSETCATALOG_COMPILER_GLOBAL_ACCENT_COLOR_NAME = AccentColor;
				CODE_SIGN_ENTITLEMENTS = "macOS (App)/twitter-likes.entitlements";
				CODE_SIGN_STYLE = Automatic;
				CURRENT_PROJECT_VERSION = 1;
				ENABLE_HARDENED_RUNTIME = YES;
				GENERATE_INFOPLIST_FILE = YES;
				INFOPLIST_KEY_CFBundleDisplayName = "twitter-likes";
				INFOPLIST_KEY_NSMainStoryboardFile = Main;
				INFOPLIST_KEY_NSPrincipalClass = NSApplication;
				LD_RUNPATH_SEARCH_PATHS = (
					"$(inherited)",
					"@executable_path/../Frameworks",
				);
				MACOSX_DEPLOYMENT_TARGET = 10.14;
				MARKETING_VERSION = 1.0;
				OTHER_LDFLAGS = (
					"-framework",
					SafariServices,
					"-framework",
					WebKit,
				);
				PRODUCT_BUNDLE_IDENTIFIER = "iunknown.com.twitter-likes";
				PRODUCT_NAME = "twitter-likes";
				REGISTER_APP_GROUPS = YES;
				SDKROOT = macosx;
				SWIFT_EMIT_LOC_STRINGS = YES;
				SWIFT_VERSION = 5.0;
			};
			name = Debug;
		};
		45023D4E2E23E7B4000A5953 /* Release */ = {
			isa = XCBuildConfiguration;
			buildSettings = {
				ASSETCATALOG_COMPILER_APPICON_NAME = AppIcon;
				ASSETCATALOG_COMPILER_GLOBAL_ACCENT_COLOR_NAME = AccentColor;
				CODE_SIGN_ENTITLEMENTS = "macOS (App)/twitter-likes.entitlements";
				CODE_SIGN_STYLE = Automatic;
				CURRENT_PROJECT_VERSION = 1;
				ENABLE_HARDENED_RUNTIME = YES;
				GENERATE_INFOPLIST_FILE = YES;
				INFOPLIST_KEY_CFBundleDisplayName = "twitter-likes";
				INFOPLIST_KEY_NSMainStoryboardFile = Main;
				INFOPLIST_KEY_NSPrincipalClass = NSApplication;
				LD_RUNPATH_SEARCH_PATHS = (
					"$(inherited)",
					"@executable_path/../Frameworks",
				);
				MACOSX_DEPLOYMENT_TARGET = 10.14;
				MARKETING_VERSION = 1.0;
				OTHER_LDFLAGS = (
					"-framework",
					SafariServices,
					"-framework",
					WebKit,
				);
				PRODUCT_BUNDLE_IDENTIFIER = "iunknown.com.twitter-likes";
				PRODUCT_NAME = "twitter-likes";
				REGISTER_APP_GROUPS = YES;
				SDKROOT = macosx;
				SWIFT_EMIT_LOC_STRINGS = YES;
				SWIFT_VERSION = 5.0;
			};
			name = Release;
		};
		45023D512E23E7B4000A5953 /* Debug */ = {
			isa = XCBuildConfiguration;
			buildSettings = {
				ALWAYS_SEARCH_USER_PATHS = NO;
				ASSETCATALOG_COMPILER_GENERATE_SWIFT_ASSET_SYMBOL_EXTENSIONS = YES;
				CLANG_ANALYZER_NONNULL = YES;
				CLANG_ANALYZER_NUMBER_OBJECT_CONVERSION = YES_AGGRESSIVE;
				CLANG_CXX_LANGUAGE_STANDARD = "gnu++20";
				CLANG_ENABLE_MODULES = YES;
				CLANG_ENABLE_OBJC_ARC = YES;
				CLANG_ENABLE_OBJC_WEAK = YES;
				CLANG_WARN_BLOCK_CAPTURE_AUTORELEASING = YES;
				CLANG_WARN_BOOL_CONVERSION = YES;
				CLANG_WARN_COMMA = YES;
				CLANG_WARN_CONSTANT_CONVERSION = YES;
				CLANG_WARN_DEPRECATED_OBJC_IMPLEMENTATIONS = YES;
				CLANG_WARN_DIRECT_OBJC_ISA_USAGE = YES_ERROR;
				CLANG_WARN_DOCUMENTATION_COMMENTS = YES;
				CLANG_WARN_EMPTY_BODY = YES;
				CLANG_WARN_ENUM_CONVERSION = YES;
				CLANG_WARN_INFINITE_RECURSION = YES;
				CLANG_WARN_INT_CONVERSION = YES;
				CLANG_WARN_NON_LITERAL_NULL_CONVERSION = YES;
				CLANG_WARN_OBJC_IMPLICIT_RETAIN_SELF = YES;
				CLANG_WARN_OBJC_LITERAL_CONVERSION = YES;
				CLANG_WARN_OBJC_ROOT_CLASS = YES_ERROR;
				CLANG_WARN_QUOTED_INCLUDE_IN_FRAMEWORK_HEADER = YES;
				CLANG_WARN_RANGE_LOOP_ANALYSIS = YES;
				CLANG_WARN_STRICT_PROTOTYPES = YES;
				CLANG_WARN_SUSPICIOUS_MOVE = YES;
				CLANG_WARN_UNGUARDED_AVAILABILITY = YES_AGGRESSIVE;
				CLANG_WARN_UNREACHABLE_CODE = YES;
				CLANG_WARN__DUPLICATE_METHOD_MATCH = YES;
				COPY_PHASE_STRIP = NO;
				DEBUG_INFORMATION_FORMAT = dwarf;
				ENABLE_STRICT_OBJC_MSGSEND = YES;
				ENABLE_TESTABILITY = YES;
				ENABLE_USER_SCRIPT_SANDBOXING = YES;
				GCC_C_LANGUAGE_STANDARD = gnu17;
				GCC_DYNAMIC_NO_PIC = NO;
				GCC_NO_COMMON_BLOCKS = YES;
				GCC_OPTIMIZATION_LEVEL = 0;
				GCC_PREPROCESSOR_DEFINITIONS = (
					"DEBUG=1",
					"$(inherited)",
				);
				GCC_WARN_64_TO_32_BIT_CONVERSION = YES;
				GCC_WARN_ABOUT_RETURN_TYPE = YES_ERROR;
				GCC_WARN_UNDECLARED_SELECTOR = YES;
				GCC_WARN_UNINITIALIZED_AUTOS = YES_AGGRESSIVE;
				GCC_WARN_UNUSED_FUNCTION = YES;
				GCC_WARN_UNUSED_VARIABLE = YES;
				LOCALIZATION_PREFERS_STRING_CATALOGS = YES;
				MTL_ENABLE_DEBUG_INFO = INCLUDE_SOURCE;
				MTL_FAST_MATH = YES;
				ONLY_ACTIVE_ARCH = YES;
				SWIFT_ACTIVE_COMPILATION_CONDITIONS = "DEBUG $(inherited)";
				SWIFT_OPTIMIZATION_LEVEL = "-Onone";
			};
			name = Debug;
		};
		45023D522E23E7B4000A5953 /* Release */ = {
			isa = XCBuildConfiguration;
			buildSettings = {
				ALWAYS_SEARCH_USER_PATHS = NO;
				ASSETCATALOG_COMPILER_GENERATE_SWIFT_ASSET_SYMBOL_EXTENSIONS = YES;
				CLANG_ANALYZER_NONNULL = YES;
				CLANG_ANALYZER_NUMBER_OBJECT_CONVERSION = YES_AGGRESSIVE;
				CLANG_CXX_LANGUAGE_STANDARD = "gnu++20";
				CLANG_ENABLE_MODULES = YES;
				CLANG_ENABLE_OBJC_ARC = YES;
				CLANG_ENABLE_OBJC_WEAK = YES;
				CLANG_WARN_BLOCK_CAPTURE_AUTORELEASING = YES;
				CLANG_WARN_BOOL_CONVERSION = YES;
				CLANG_WARN_COMMA = YES;
				CLANG_WARN_CONSTANT_CONVERSION = YES;
				CLANG_WARN_DEPRECATED_OBJC_IMPLEMENTATIONS = YES;
				CLANG_WARN_DIRECT_OBJC_ISA_USAGE = YES_ERROR;
				CLANG_WARN_DOCUMENTATION_COMMENTS = YES;
				CLANG_WARN_EMPTY_BODY = YES;
				CLANG_WARN_ENUM_CONVERSION = YES;
				CLANG_WARN_INFINITE_RECURSION = YES;
				CLANG_WARN_INT_CONVERSION = YES;
				CLANG_WARN_NON_LITERAL_NULL_CONVERSION = YES;
				CLANG_WARN_OBJC_IMPLICIT_RETAIN_SELF = YES;
				CLANG_WARN_OBJC_LITERAL_CONVERSION = YES;
				CLANG_WARN_OBJC_ROOT_CLASS = YES_ERROR;
				CLANG_WARN_QUOTED_INCLUDE_IN_FRAMEWORK_HEADER = YES;
				CLANG_WARN_RANGE_LOOP_ANALYSIS = YES;
				CLANG_WARN_STRICT_PROTOTYPES = YES;
				CLANG_WARN_SUSPICIOUS_MOVE = YES;
				CLANG_WARN_UNGUARDED_AVAILABILITY = YES_AGGRESSIVE;
				CLANG_WARN_UNREACHABLE_CODE = YES;
				CLANG_WARN__DUPLICATE_METHOD_MATCH = YES;
				COPY_PHASE_STRIP = NO;
				DEBUG_INFORMATION_FORMAT = "dwarf-with-dsym";
				ENABLE_NS_ASSERTIONS = NO;
				ENABLE_STRICT_OBJC_MSGSEND = YES;
				ENABLE_USER_SCRIPT_SANDBOXING = YES;
				GCC_C_LANGUAGE_STANDARD = gnu17;
				GCC_NO_COMMON_BLOCKS = YES;
				GCC_WARN_64_TO_32_BIT_CONVERSION = YES;
				GCC_WARN_ABOUT_RETURN_TYPE = YES_ERROR;
				GCC_WARN_UNDECLARED_SELECTOR = YES;
				GCC_WARN_UNINITIALIZED_AUTOS = YES_AGGRESSIVE;
				GCC_WARN_UNUSED_FUNCTION = YES;
				GCC_WARN_UNUSED_VARIABLE = YES;
				LOCALIZATION_PREFERS_STRING_CATALOGS = YES;
				MTL_ENABLE_DEBUG_INFO = NO;
				MTL_FAST_MATH = YES;
				SWIFT_COMPILATION_MODE = wholemodule;
			};
			name = Release;
		};
/* End XCBuildConfiguration section */

/* Begin XCConfigurationList section */
		45023CD62E23E7B2000A5953 /* Build configuration list for PBXProject "twitter-likes" */ = {
			isa = XCConfigurationList;
			buildConfigurations = (
				45023D512E23E7B4000A5953 /* Debug */,
				45023D522E23E7B4000A5953 /* Release */,
			);
			defaultConfigurationIsVisible = 0;
			defaultConfigurationName = Release;
		};
		45023D3D2E23E7B4000A5953 /* Build configuration list for PBXNativeTarget "twitter-likes Extension (iOS)" */ = {
			isa = XCConfigurationList;
			buildConfigurations = (
				45023D3E2E23E7B4000A5953 /* Debug */,
				45023D3F2E23E7B4000A5953 /* Release */,
			);
			defaultConfigurationIsVisible = 0;
			defaultConfigurationName = Release;
		};
		45023D422E23E7B4000A5953 /* Build configuration list for PBXNativeTarget "twitter-likes (iOS)" */ = {
			isa = XCConfigurationList;
			buildConfigurations = (
				45023D432E23E7B4000A5953 /* Debug */,
				45023D442E23E7B4000A5953 /* Release */,
			);
			defaultConfigurationIsVisible = 0;
			defaultConfigurationName = Release;
		};
		45023D472E23E7B4000A5953 /* Build configuration list for PBXNativeTarget "twitter-likes Extension (macOS)" */ = {
			isa = XCConfigurationList;
			buildConfigurations = (
				45023D482E23E7B4000A5953 /* Debug */,
				45023D492E23E7B4000A5953 /* Release */,
			);
			defaultConfigurationIsVisible = 0;
			defaultConfigurationName = Release;
		};
		45023D4C2E23E7B4000A5953 /* Build configuration list for PBXNativeTarget "twitter-likes (macOS)" */ = {
			isa = XCConfigurationList;
			buildConfigurations = (
				45023D4D2E23E7B4000A5953 /* Debug */,
				45023D4E2E23E7B4000A5953 /* Release */,
			);
			defaultConfigurationIsVisible = 0;
			defaultConfigurationName = Release;
		};
/* End XCConfigurationList section */
	};
	rootObject = 45023CD32E23E7B2000A5953 /* Project object */;
}
